<?xml version="1.0" encoding="utf-8"?>
<Project ToolsVersion="4.0" xmlns="http://schemas.microsoft.com/developer/msbuild/2003">
  <ItemGroup>
    <Filter Include="Source Files">
      <UniqueIdentifier>{4FC737F1-C7A5-4376-A066-2A32D752A2FF}</UniqueIdentifier>
      <Extensions>cpp;c;cc;cxx;def;odl;idl;hpj;bat;asm;asmx</Extensions>
    </Filter>
    <Filter Include="Header Files">
      <UniqueIdentifier>{93995380-89BD-4b04-88EB-625FBE52EBFB}</UniqueIdentifier>
      <Extensions>h;hpp;hxx;hm;inl;inc;xsd</Extensions>
    </Filter>
    <Filter Include="Resource Files">
      <UniqueIdentifier>{67DA6AB6-F800-4c08-8B7A-83BB121AAD01}</UniqueIdentifier>
      <Extensions>rc;ico;cur;bmp;dlg;rc2;rct;bin;rgs;gif;jpg;jpeg;jpe;resx;tiff;tif;png;wav;mfcribbon-ms</Extensions>
    </Filter>
    <Filter Include="Header Files\core">
      <UniqueIdentifier>{32c42c93-38e5-4415-bc20-32b09bc1a099}</UniqueIdentifier>
    </Filter>
    <Filter Include="Header Files\physics">
      <UniqueIdentifier>{9eae0b2f-27c0-4727-8f74-cb8a59e7aad0}</UniqueIdentifier>
    </Filter>
    <Filter Include="Source Files\core">
      <UniqueIdentifier>{2f7eea5f-ee6f-4da1-9e16-894f497144a0}</UniqueIdentifier>
    </Filter>
    <Filter Include="Source Files\physics">
      <UniqueIdentifier>{0bfec1ab-0edd-4c21-9a9c-7ac9f660ce37}</UniqueIdentifier>
    </Filter>
    <Filter Include="Header Files\lcp">
      <UniqueIdentifier>{c8fa899a-c10b-47f1-8bca-0b82aadd9f7a}</UniqueIdentifier>
    </Filter>
    <Filter Include="Source Files\lcp">
      <UniqueIdentifier>{efb07f02-3163-459c-aadc-750c0b0f8aac}</UniqueIdentifier>
    </Filter>
    <Filter Include="Header Files\utils">
      <UniqueIdentifier>{c0d15640-a948-4360-bf5b-41e3df385f63}</UniqueIdentifier>
    </Filter>
    <Filter Include="Source Files\utils">
      <UniqueIdentifier>{9e0599df-23e3-4fb7-ab52-c61c880298c7}</UniqueIdentifier>
    </Filter>
    <Filter Include="Header Files\motion_functons">
      <UniqueIdentifier>{d48b9cf7-f836-42e7-a523-f20baf0fc5f9}</UniqueIdentifier>
    </Filter>
    <Filter Include="Source Files\motion_functions">
      <UniqueIdentifier>{acef6210-dd08-4783-85d9-30a67b090f18}</UniqueIdentifier>
    </Filter>
  </ItemGroup>
  <ItemGroup>
    <ClInclude Include="Stdafx.h">
      <Filter>Header Files</Filter>
    </ClInclude>
    <ClInclude Include="resource.h">
      <Filter>Header Files</Filter>
    </ClInclude>
    <ClInclude Include="System.h">
      <Filter>Header Files\physics</Filter>
    </ClInclude>
    <ClInclude Include="RawPtr.h">
      <Filter>Header Files</Filter>
    </ClInclude>
    <ClInclude Include="Body.h">
      <Filter>Header Files\physics</Filter>
    </ClInclude>
    <ClInclude Include="Marker.h">
      <Filter>Header Files\physics</Filter>
    </ClInclude>
    <ClInclude Include="Force.h">
      <Filter>Header Files\physics</Filter>
    </ClInclude>
    <ClInclude Include="StringUtils.h">
      <Filter>Header Files\utils</Filter>
    </ClInclude>
    <ClInclude Include="Vector.h">
      <Filter>Header Files\core</Filter>
    </ClInclude>
    <ClInclude Include="CoordSys.h">
      <Filter>Header Files\core</Filter>
    </ClInclude>
    <ClInclude Include="Object.h">
      <Filter>Header Files\physics</Filter>
    </ClInclude>
    <ClInclude Include="PhysicsItem.h">
      <Filter>Header Files\physics</Filter>
    </ClInclude>
    <ClInclude Include="LinkBase.h">
      <Filter>Header Files\physics</Filter>
    </ClInclude>
    <ClInclude Include="Link.h">
      <Filter>Header Files\physics</Filter>
    </ClInclude>
    <ClInclude Include="LinkMarkers.h">
      <Filter>Header Files\physics</Filter>
    </ClInclude>
    <ClInclude Include="LinkLock.h">
      <Filter>Header Files\physics</Filter>
    </ClInclude>
    <ClInclude Include="LinkMasked.h">
      <Filter>Header Files\physics</Filter>
    </ClInclude>
    <ClInclude Include="LinkEngine.h">
      <Filter>Header Files\physics</Filter>
    </ClInclude>
    <ClInclude Include="Function.h">
      <Filter>Header Files\motion_functons</Filter>
    </ClInclude>
    <ClInclude Include="FunctionConst.h">
      <Filter>Header Files\motion_functons</Filter>
    </ClInclude>
    <ClInclude Include="FunctionRamp.h">
      <Filter>Header Files\motion_functons</Filter>
    </ClInclude>
    <ClInclude Include="FunctionSine.h">
      <Filter>Header Files\motion_functons</Filter>
    </ClInclude>
    <ClInclude Include="Shaft.h">
      <Filter>Header Files\physics</Filter>
    </ClInclude>
    <ClInclude Include="LcpVariablesShaft.h">
      <Filter>Header Files\lcp</Filter>
    </ClInclude>
    <ClInclude Include="LcpVariables.h">
      <Filter>Header Files\lcp</Filter>
    </ClInclude>
    <ClInclude Include="ShaftsGear.h">
      <Filter>Header Files\physics</Filter>
    </ClInclude>
    <ClInclude Include="ShaftsCouple.h">
      <Filter>Header Files\physics</Filter>
    </ClInclude>
    <ClInclude Include="ShaftsClutch.h">
      <Filter>Header Files\physics</Filter>
    </ClInclude>
    <ClInclude Include="ShaftsPlanetary.h">
      <Filter>Header Files\physics</Filter>
    </ClInclude>
    <ClInclude Include="ShaftsTorsionSpring.h">
      <Filter>Header Files\physics</Filter>
    </ClInclude>
    <ClInclude Include="ShaftsTorqueBase.h">
      <Filter>Header Files\physics</Filter>
    </ClInclude>
    <ClInclude Include="ShaftsBody.h">
      <Filter>Header Files\physics</Filter>
    </ClInclude>
    <ClInclude Include="ShaftsTorqueConverter.h">
      <Filter>Header Files\physics</Filter>
    </ClInclude>
    <ClInclude Include="FunctionRecorder.h">
      <Filter>Header Files\motion_functons</Filter>
    </ClInclude>
    <ClInclude Include="ShaftsThermalEngine.h">
      <Filter>Header Files\physics</Filter>
    </ClInclude>
  </ItemGroup>
  <ItemGroup>
    <ClCompile Include="AssemblyInfo.cpp">
      <Filter>Source Files</Filter>
    </ClCompile>
    <ClCompile Include="Stdafx.cpp">
      <Filter>Source Files</Filter>
    </ClCompile>
    <ClCompile Include="System.cpp">
      <Filter>Source Files\physics</Filter>
    </ClCompile>
    <ClCompile Include="Body.cpp">
      <Filter>Source Files\physics</Filter>
    </ClCompile>
    <ClCompile Include="Marker.cpp">
      <Filter>Source Files\physics</Filter>
    </ClCompile>
    <ClCompile Include="Force.cpp">
      <Filter>Source Files\physics</Filter>
    </ClCompile>
    <ClCompile Include="StringUtils.cpp">
      <Filter>Source Files\utils</Filter>
    </ClCompile>
    <ClCompile Include="Vector.cpp">
      <Filter>Source Files\core</Filter>
    </ClCompile>
    <ClCompile Include="CoordSys.cpp">
      <Filter>Source Files\core</Filter>
    </ClCompile>
    <ClCompile Include="Object.cpp">
      <Filter>Source Files\physics</Filter>
    </ClCompile>
    <ClCompile Include="PhysicsItem.cpp">
      <Filter>Source Files\physics</Filter>
    </ClCompile>
    <ClCompile Include="LinkBase.cpp">
      <Filter>Source Files\physics</Filter>
    </ClCompile>
    <ClCompile Include="Link.cpp">
      <Filter>Source Files\physics</Filter>
    </ClCompile>
    <ClCompile Include="LinkMarkers.cpp">
      <Filter>Source Files\physics</Filter>
    </ClCompile>
    <ClCompile Include="LinkMasked.cpp">
      <Filter>Source Files\physics</Filter>
    </ClCompile>
    <ClCompile Include="LinkLock.cpp">
      <Filter>Source Files\physics</Filter>
    </ClCompile>
    <ClCompile Include="LinkLockRevolute.h">
      <Filter>Header Files\physics</Filter>
    </ClCompile>
    <ClCompile Include="LinkLockRevolute.cpp">
      <Filter>Source Files\physics</Filter>
    </ClCompile>
    <ClCompile Include="LinkEngine.cpp">
      <Filter>Source Files\physics</Filter>
    </ClCompile>
    <ClCompile Include="Function.cpp">
      <Filter>Source Files\motion_functions</Filter>
    </ClCompile>
    <ClCompile Include="FunctionConst.cpp">
      <Filter>Source Files\motion_functions</Filter>
    </ClCompile>
    <ClCompile Include="FunctionRamp.cpp">
      <Filter>Source Files\motion_functions</Filter>
    </ClCompile>
    <ClCompile Include="FunctionSine.cpp">
      <Filter>Source Files\motion_functions</Filter>
    </ClCompile>
    <ClCompile Include="LcpVariables.cpp">
      <Filter>Source Files\lcp</Filter>
    </ClCompile>
    <ClCompile Include="Shaft.cpp">
      <Filter>Source Files\physics</Filter>
    </ClCompile>
    <ClCompile Include="ShaftsCouple.cpp">
      <Filter>Source Files\physics</Filter>
    </ClCompile>
    <ClCompile Include="ShaftsGear.cpp">
      <Filter>Source Files\physics</Filter>
    </ClCompile>
    <ClCompile Include="ShaftsClutch.cpp">
      <Filter>Source Files\physics</Filter>
    </ClCompile>
    <ClCompile Include="ShaftsPlanetary.cpp">
      <Filter>Source Files\physics</Filter>
    </ClCompile>
    <ClCompile Include="ShaftsTorqueBase.cpp">
      <Filter>Source Files\physics</Filter>
    </ClCompile>
    <ClCompile Include="ShaftsTorsionSpring.cpp">
      <Filter>Source Files\physics</Filter>
    </ClCompile>
    <ClCompile Include="ShaftsBody.cpp">
      <Filter>Source Files\physics</Filter>
    </ClCompile>
    <ClCompile Include="ShaftsTorqueConverter.cpp">
      <Filter>Source Files\physics</Filter>
    </ClCompile>
    <ClCompile Include="FunctionRecorder.cpp">
      <Filter>Source Files\motion_functions</Filter>
    </ClCompile>
    <ClCompile Include="ShaftsThermalEngine.cpp">
      <Filter>Source Files\physics</Filter>
    </ClCompile>
  </ItemGroup>
  <ItemGroup>
    <Text Include="ReadMe.txt" />
  </ItemGroup>
  <ItemGroup>
    <ResourceCompile Include="app.rc">
      <Filter>Resource Files</Filter>
    </ResourceCompile>
  </ItemGroup>
  <ItemGroup>
    <Image Include="app.ico">
      <Filter>Resource Files</Filter>
    </Image>
  </ItemGroup>
</Project>